// !$*UTF8*$!
{
	archiveVersion = 1;
	classes = {
	};
	objectVersion = 50;
	objects = {

/* Begin PBXBuildFile section */
		590911932706ECCF00C5984A /* changeViewController.swift in Sources */ = {isa = PBXBuildFile; fileRef = 590911922706ECCF00C5984A /* changeViewController.swift */; };
		590BE3422705DDC2005B90EB /* AppDelegate.swift in Sources */ = {isa = PBXBuildFile; fileRef = 590BE3412705DDC2005B90EB /* AppDelegate.swift */; };
		590BE3442705DDC2005B90EB /* SceneDelegate.swift in Sources */ = {isa = PBXBuildFile; fileRef = 590BE3432705DDC2005B90EB /* SceneDelegate.swift */; };
		590BE3462705DDC2005B90EB /* ViewController.swift in Sources */ = {isa = PBXBuildFile; fileRef = 590BE3452705DDC2005B90EB /* ViewController.swift */; };
		590BE3492705DDC2005B90EB /* Main.storyboard in Resources */ = {isa = PBXBuildFile; fileRef = 590BE3472705DDC2005B90EB /* Main.storyboard */; };
		590BE34C2705DDC2005B90EB /* ejTienda3.xcdatamodeld in Sources */ = {isa = PBXBuildFile; fileRef = 590BE34A2705DDC2005B90EB /* ejTienda3.xcdatamodeld */; };
		590BE34E2705DDC3005B90EB /* Assets.xcassets in Resources */ = {isa = PBXBuildFile; fileRef = 590BE34D2705DDC3005B90EB /* Assets.xcassets */; };
		590BE3512705DDC3005B90EB /* LaunchScreen.storyboard in Resources */ = {isa = PBXBuildFile; fileRef = 590BE34F2705DDC3005B90EB /* LaunchScreen.storyboard */; };
		590BE35B2705DEBC005B90EB /* Producto+CoreDataClass.swift in Sources */ = {isa = PBXBuildFile; fileRef = 590BE3592705DEBC005B90EB /* Producto+CoreDataClass.swift */; };
		590BE35C2705DEBC005B90EB /* Producto+CoreDataProperties.swift in Sources */ = {isa = PBXBuildFile; fileRef = 590BE35A2705DEBC005B90EB /* Producto+CoreDataProperties.swift */; };
		590BE3612705E37B005B90EB /* TableViewCell.swift in Sources */ = {isa = PBXBuildFile; fileRef = 590BE35F2705E37B005B90EB /* TableViewCell.swift */; };
		590BE3622705E37B005B90EB /* TableViewCell.xib in Resources */ = {isa = PBXBuildFile; fileRef = 590BE3602705E37B005B90EB /* TableViewCell.xib */; };
/* End PBXBuildFile section */

/* Begin PBXFileReference section */
		590911922706ECCF00C5984A /* changeViewController.swift */ = {isa = PBXFileReference; lastKnownFileType = sourcecode.swift; path = changeViewController.swift; sourceTree = "<group>"; };
		590BE33E2705DDC2005B90EB /* ejTienda3.app */ = {isa = PBXFileReference; explicitFileType = wrapper.application; includeInIndex = 0; path = ejTienda3.app; sourceTree = BUILT_PRODUCTS_DIR; };
		590BE3412705DDC2005B90EB /* AppDelegate.swift */ = {isa = PBXFileReference; lastKnownFileType = sourcecode.swift; path = AppDelegate.swift; sourceTree = "<group>"; };
		590BE3432705DDC2005B90EB /* SceneDelegate.swift */ = {isa = PBXFileReference; lastKnownFileType = sourcecode.swift; path = SceneDelegate.swift; sourceTree = "<group>"; };
		590BE3452705DDC2005B90EB /* ViewController.swift */ = {isa = PBXFileReference; lastKnownFileType = sourcecode.swift; path = ViewController.swift; sourceTree = "<group>"; };
		590BE3482705DDC2005B90EB /* Base */ = {isa = PBXFileReference; lastKnownFileType = file.storyboard; name = Base; path = Base.lproj/Main.storyboard; sourceTree = "<group>"; };
		590BE34B2705DDC2005B90EB /* ejTienda3.xcdatamodel */ = {isa = PBXFileReference; lastKnownFileType = wrapper.xcdatamodel; path = ejTienda3.xcdatamodel; sourceTree = "<group>"; };
		590BE34D2705DDC3005B90EB /* Assets.xcassets */ = {isa = PBXFileReference; lastKnownFileType = folder.assetcatalog; path = Assets.xcassets; sourceTree = "<group>"; };
		590BE3502705DDC3005B90EB /* Base */ = {isa = PBXFileReference; lastKnownFileType = file.storyboard; name = Base; path = Base.lproj/LaunchScreen.storyboard; sourceTree = "<group>"; };
		590BE3522705DDC3005B90EB /* Info.plist */ = {isa = PBXFileReference; lastKnownFileType = text.plist.xml; path = Info.plist; sourceTree = "<group>"; };
		590BE3592705DEBC005B90EB /* Producto+CoreDataClass.swift */ = {isa = PBXFileReference; lastKnownFileType = sourcecode.swift; path = "Producto+CoreDataClass.swift"; sourceTree = "<group>"; };
		590BE35A2705DEBC005B90EB /* Producto+CoreDataProperties.swift */ = {isa = PBXFileReference; lastKnownFileType = sourcecode.swift; path = "Producto+CoreDataProperties.swift"; sourceTree = "<group>"; };
		590BE35F2705E37B005B90EB /* TableViewCell.swift */ = {isa = PBXFileReference; lastKnownFileType = sourcecode.swift; path = TableViewCell.swift; sourceTree = "<group>"; };
		590BE3602705E37B005B90EB /* TableViewCell.xib */ = {isa = PBXFileReference; lastKnownFileType = file.xib; path = TableViewCell.xib; sourceTree = "<group>"; };
/* End PBXFileReference section */

/* Begin PBXFrameworksBuildPhase section */
		590BE33B2705DDC2005B90EB /* Frameworks */ = {
			isa = PBXFrameworksBuildPhase;
			buildActionMask = 2147483647;
			files = (
			);
			runOnlyForDeploymentPostprocessing = 0;
		};
/* End PBXFrameworksBuildPhase section */

/* Begin PBXGroup section */
		590BE3352705DDC2005B90EB = {
			isa = PBXGroup;
			children = (
				590BE3592705DEBC005B90EB /* Producto+CoreDataClass.swift */,
				590BE35A2705DEBC005B90EB /* Producto+CoreDataProperties.swift */,
				590BE3402705DDC2005B90EB /* ejTienda3 */,
				590BE33F2705DDC2005B90EB /* Products */,
			);
			sourceTree = "<group>";
		};
		590BE33F2705DDC2005B90EB /* Products */ = {
			isa = PBXGroup;
			children = (
				590BE33E2705DDC2005B90EB /* ejTienda3.app */,
			);
			name = Products;
			sourceTree = "<group>";
		};
		590BE3402705DDC2005B90EB /* ejTienda3 */ = {
			isa = PBXGroup;
			children = (
				590BE3412705DDC2005B90EB /* AppDelegate.swift */,
				590BE3432705DDC2005B90EB /* SceneDelegate.swift */,
				590BE3452705DDC2005B90EB /* ViewController.swift */,
				590911922706ECCF00C5984A /* changeViewController.swift */,
				590BE3472705DDC2005B90EB /* Main.storyboard */,
				590BE34D2705DDC3005B90EB /* Assets.xcassets */,
				590BE34F2705DDC3005B90EB /* LaunchScreen.storyboard */,
				590BE3522705DDC3005B90EB /* Info.plist */,
				590BE34A2705DDC2005B90EB /* ejTienda3.xcdatamodeld */,
				590BE35F2705E37B005B90EB /* TableViewCell.swift */,
				590BE3602705E37B005B90EB /* TableViewCell.xib */,
			);
			path = ejTienda3;
			sourceTree = "<group>";
		};
/* End PBXGroup section */

/* Begin PBXNativeTarget section */
		590BE33D2705DDC2005B90EB /* ejTienda3 */ = {
			isa = PBXNativeTarget;
			buildConfigurationList = 590BE3552705DDC3005B90EB /* Build configuration list for PBXNativeTarget "ejTienda3" */;
			buildPhases = (
				590BE33A2705DDC2005B90EB /* Sources */,
				590BE33B2705DDC2005B90EB /* Frameworks */,
				590BE33C2705DDC2005B90EB /* Resources */,
			);
			buildRules = (
			);
			dependencies = (
			);
			name = ejTienda3;
			productName = ejTienda3;
			productReference = 590BE33E2705DDC2005B90EB /* ejTienda3.app */;
			productType = "com.apple.product-type.application";
		};
/* End PBXNativeTarget section */

/* Begin PBXProject section */
		590BE3362705DDC2005B90EB /* Project object */ = {
			isa = PBXProject;
			attributes = {
				LastSwiftUpdateCheck = 1240;
				LastUpgradeCheck = 1240;
				TargetAttributes = {
					590BE33D2705DDC2005B90EB = {
						CreatedOnToolsVersion = 12.4;
					};
				};
			};
			buildConfigurationList = 590BE3392705DDC2005B90EB /* Build configuration list for PBXProject "ejTienda3" */;
			compatibilityVersion = "Xcode 9.3";
			developmentRegion = en;
			hasScannedForEncodings = 0;
			knownRegions = (
				en,
				Base,
			);
			mainGroup = 590BE3352705DDC2005B90EB;
			productRefGroup = 590BE33F2705DDC2005B90EB /* Products */;
			projectDirPath = "";
			projectRoot = "";
			targets = (
				590BE33D2705DDC2005B90EB /* ejTienda3 */,
			);
		};
/* End PBXProject section */

/* Begin PBXResourcesBuildPhase section */
		590BE33C2705DDC2005B90EB /* Resources */ = {
			isa = PBXResourcesBuildPhase;
			buildActionMask = 2147483647;
			files = (
				590BE3512705DDC3005B90EB /* LaunchScreen.storyboard in Resources */,
				590BE3622705E37B005B90EB /* TableViewCell.xib in Resources */,
				590BE34E2705DDC3005B90EB /* Assets.xcassets in Resources */,
				590BE3492705DDC2005B90EB /* Main.storyboard in Resources */,
			);
			runOnlyForDeploymentPostprocessing = 0;
		};
/* End PBXResourcesBuildPhase section */

/* Begin PBXSourcesBuildPhase section */
		590BE33A2705DDC2005B90EB /* Sources */ = {
			isa = PBXSourcesBuildPhase;
			buildActionMask = 2147483647;
			files = (
				590BE3462705DDC2005B90EB /* ViewController.swift in Sources */,
				590BE35C2705DEBC005B90EB /* Producto+CoreDataProperties.swift in Sources */,
				590911932706ECCF00C5984A /* changeViewController.swift in Sources */,
				590BE34C2705DDC2005B90EB /* ejTienda3.xcdatamodeld in Sources */,
				590BE3422705DDC2005B90EB /* AppDelegate.swift in Sources */,
				590BE3442705DDC2005B90EB /* SceneDelegate.swift in Sources */,
				590BE3612705E37B005B90EB /* TableViewCell.swift in Sources */,
				590BE35B2705DEBC005B90EB /* Producto+CoreDataClass.swift in Sources */,
			);
			runOnlyForDeploymentPostprocessing = 0;
		};
/* End PBXSourcesBuildPhase section */

/* Begin PBXVariantGroup section */
		590BE3472705DDC2005B90EB /* Main.storyboard */ = {
			isa = PBXVariantGroup;
			children = (
				590BE3482705DDC2005B90EB /* Base */,
			);
			name = Main.storyboard;
			sourceTree = "<group>";
		};
		590BE34F2705DDC3005B90EB /* LaunchScreen.storyboard */ = {
			isa = PBXVariantGroup;
			children = (
				590BE3502705DDC3005B90EB /* Base */,
			);
			name = LaunchScreen.storyboard;
			sourceTree = "<group>";
		};
/* End PBXVariantGroup section */

/* Begin XCBuildConfiguration section */
		590BE3532705DDC3005B90EB /* Debug */ = {
			isa = XCBuildConfiguration;
			buildSettings = {
				ALWAYS_SEARCH_USER_PATHS = NO;
				CLANG_ANALYZER_NONNULL = YES;
				CLANG_ANALYZER_NUMBER_OBJECT_CONVERSION = YES_AGGRESSIVE;
				CLANG_CXX_LANGUAGE_STANDARD = "gnu++14";
				CLANG_CXX_LIBRARY = "libc++";
				CLANG_ENABLE_MODULES = YES;
				CLANG_ENABLE_OBJC_ARC = YES;
				CLANG_ENABLE_OBJC_WEAK = YES;
				CLANG_WARN_BLOCK_CAPTURE_AUTORELEASING = YES;
				CLANG_WARN_BOOL_CONVERSION = YES;
				CLANG_WARN_COMMA = YES;
				CLANG_WARN_CONSTANT_CONVERSION = YES;
				CLANG_WARN_DEPRECATED_OBJC_IMPLEMENTATIONS = YES;
				CLANG_WARN_DIRECT_OBJC_ISA_USAGE = YES_ERROR;
				CLANG_WARN_DOCUMENTATION_COMMENTS = YES;
				CLANG_WARN_EMPTY_BODY = YES;
				CLANG_WARN_ENUM_CONVERSION = YES;
				CLANG_WARN_INFINITE_RECURSION = YES;
				CLANG_WARN_INT_CONVERSION = YES;
				CLANG_WARN_NON_LITERAL_NULL_CONVERSION = YES;
				CLANG_WARN_OBJC_IMPLICIT_RETAIN_SELF = YES;
				CLANG_WARN_OBJC_LITERAL_CONVERSION = YES;
				CLANG_WARN_OBJC_ROOT_CLASS = YES_ERROR;
				CLANG_WARN_QUOTED_INCLUDE_IN_FRAMEWORK_HEADER = YES;
				CLANG_WARN_RANGE_LOOP_ANALYSIS = YES;
				CLANG_WARN_STRICT_PROTOTYPES = YES;
				CLANG_WARN_SUSPICIOUS_MOVE = YES;
				CLANG_WARN_UNGUARDED_AVAILABILITY = YES_AGGRESSIVE;
				CLANG_WARN_UNREACHABLE_CODE = YES;
				CLANG_WARN__DUPLICATE_METHOD_MATCH = YES;
				COPY_PHASE_STRIP = NO;
				DEBUG_INFORMATION_FORMAT = dwarf;
				ENABLE_STRICT_OBJC_MSGSEND = YES;
				ENABLE_TESTABILITY = YES;
				GCC_C_LANGUAGE_STANDARD = gnu11;
				GCC_DYNAMIC_NO_PIC = NO;
				GCC_NO_COMMON_BLOCKS = YES;
				GCC_OPTIMIZATION_LEVEL = 0;
				GCC_PREPROCESSOR_DEFINITIONS = (
					"DEBUG=1",
					"$(inherited)",
				);
				GCC_WARN_64_TO_32_BIT_CONVERSION = YES;
				GCC_WARN_ABOUT_RETURN_TYPE = YES_ERROR;
				GCC_WARN_UNDECLARED_SELECTOR = YES;
				GCC_WARN_UNINITIALIZED_AUTOS = YES_AGGRESSIVE;
				GCC_WARN_UNUSED_FUNCTION = YES;
				GCC_WARN_UNUSED_VARIABLE = YES;
				IPHONEOS_DEPLOYMENT_TARGET = 14.4;
				MTL_ENABLE_DEBUG_INFO = INCLUDE_SOURCE;
				MTL_FAST_MATH = YES;
				ONLY_ACTIVE_ARCH = YES;
				SDKROOT = iphoneos;
				SWIFT_ACTIVE_COMPILATION_CONDITIONS = DEBUG;
				SWIFT_OPTIMIZATION_LEVEL = "-Onone";
			};
			name = Debug;
		};
		590BE3542705DDC3005B90EB /* Release */ = {
			isa = XCBuildConfiguration;
			buildSettings = {
				ALWAYS_SEARCH_USER_PATHS = NO;
				CLANG_ANALYZER_NONNULL = YES;
				CLANG_ANALYZER_NUMBER_OBJECT_CONVERSION = YES_AGGRESSIVE;
				CLANG_CXX_LANGUAGE_STANDARD = "gnu++14";
				CLANG_CXX_LIBRARY = "libc++";
				CLANG_ENABLE_MODULES = YES;
				CLANG_ENABLE_OBJC_ARC = YES;
				CLANG_ENABLE_OBJC_WEAK = YES;
				CLANG_WARN_BLOCK_CAPTURE_AUTORELEASING = YES;
				CLANG_WARN_BOOL_CONVERSION = YES;
				CLANG_WARN_COMMA = YES;
				CLANG_WARN_CONSTANT_CONVERSION = YES;
				CLANG_WARN_DEPRECATED_OBJC_IMPLEMENTATIONS = YES;
				CLANG_WARN_DIRECT_OBJC_ISA_USAGE = YES_ERROR;
				CLANG_WARN_DOCUMENTATION_COMMENTS = YES;
				CLANG_WARN_EMPTY_BODY = YES;
				CLANG_WARN_ENUM_CONVERSION = YES;
				CLANG_WARN_INFINITE_RECURSION = YES;
				CLANG_WARN_INT_CONVERSION = YES;
				CLANG_WARN_NON_LITERAL_NULL_CONVERSION = YES;
				CLANG_WARN_OBJC_IMPLICIT_RETAIN_SELF = YES;
				CLANG_WARN_OBJC_LITERAL_CONVERSION = YES;
				CLANG_WARN_OBJC_ROOT_CLASS = YES_ERROR;
				CLANG_WARN_QUOTED_INCLUDE_IN_FRAMEWORK_HEADER = YES;
				CLANG_WARN_RANGE_LOOP_ANALYSIS = YES;
				CLANG_WARN_STRICT_PROTOTYPES = YES;
				CLANG_WARN_SUSPICIOUS_MOVE = YES;
				CLANG_WARN_UNGUARDED_AVAILABILITY = YES_AGGRESSIVE;
				CLANG_WARN_UNREACHABLE_CODE = YES;
				CLANG_WARN__DUPLICATE_METHOD_MATCH = YES;
				COPY_PHASE_STRIP = NO;
				DEBUG_INFORMATION_FORMAT = "dwarf-with-dsym";
				ENABLE_NS_ASSERTIONS = NO;
				ENABLE_STRICT_OBJC_MSGSEND = YES;
				GCC_C_LANGUAGE_STANDARD = gnu11;
				GCC_NO_COMMON_BLOCKS = YES;
				GCC_WARN_64_TO_32_BIT_CONVERSION = YES;
				GCC_WARN_ABOUT_RETURN_TYPE = YES_ERROR;
				GCC_WARN_UNDECLARED_SELECTOR = YES;
				GCC_WARN_UNINITIALIZED_AUTOS = YES_AGGRESSIVE;
				GCC_WARN_UNUSED_FUNCTION = YES;
				GCC_WARN_UNUSED_VARIABLE = YES;
				IPHONEOS_DEPLOYMENT_TARGET = 14.4;
				MTL_ENABLE_DEBUG_INFO = NO;
				MTL_FAST_MATH = YES;
				SDKROOT = iphoneos;
				SWIFT_COMPILATION_MODE = wholemodule;
				SWIFT_OPTIMIZATION_LEVEL = "-O";
				VALIDATE_PRODUCT = YES;
			};
			name = Release;
		};
		590BE3562705DDC3005B90EB /* Debug */ = {
			isa = XCBuildConfiguration;
			buildSettings = {
				ASSETCATALOG_COMPILER_APPICON_NAME = AppIcon;
				ASSETCATALOG_COMPILER_GLOBAL_ACCENT_COLOR_NAME = AccentColor;
				CODE_SIGN_STYLE = Automatic;
				INFOPLIST_FILE = ejTienda3/Info.plist;
				LD_RUNPATH_SEARCH_PATHS = (
					"$(inherited)",
					"@executable_path/Frameworks",
				);
				PRODUCT_BUNDLE_IDENTIFIER = com.javi.ejTienda3;
				PRODUCT_NAME = "$(TARGET_NAME)";
				SWIFT_VERSION = 5.0;
				TARGETED_DEVICE_FAMILY = "1,2";
			};
			name = Debug;
		};
		590BE3572705DDC3005B90EB /* Release */ = {
			isa = XCBuildConfiguration;
			buildSettings = {
				ASSETCATALOG_COMPILER_APPICON_NAME = AppIcon;
				ASSETCATALOG_COMPILER_GLOBAL_ACCENT_COLOR_NAME = AccentColor;
				CODE_SIGN_STYLE = Automatic;
				INFOPLIST_FILE = ejTienda3/Info.plist;
				LD_RUNPATH_SEARCH_PATHS = (
					"$(inherited)",
					"@executable_path/Frameworks",
				);
				PRODUCT_BUNDLE_IDENTIFIER = com.javi.ejTienda3;
				PRODUCT_NAME = "$(TARGET_NAME)";
				SWIFT_VERSION = 5.0;
				TARGETED_DEVICE_FAMILY = "1,2";
			};
			name = Release;
		};
/* End XCBuildConfiguration section */

/* Begin XCConfigurationList section */
		590BE3392705DDC2005B90EB /* Build configuration list for PBXProject "ejTienda3" */ = {
			isa = XCConfigurationList;
			buildConfigurations = (
				590BE3532705DDC3005B90EB /* Debug */,
				590BE3542705DDC3005B90EB /* Release */,
			);
			defaultConfigurationIsVisible = 0;
			defaultConfigurationName = Release;
		};
		590BE3552705DDC3005B90EB /* Build configuration list for PBXNativeTarget "ejTienda3" */ = {
			isa = XCConfigurationList;
			buildConfigurations = (
				590BE3562705DDC3005B90EB /* Debug */,
				590BE3572705DDC3005B90EB /* Release */,
			);
			defaultConfigurationIsVisible = 0;
			defaultConfigurationName = Release;
		};
/* End XCConfigurationList section */

/* Begin XCVersionGroup section */
		590BE34A2705DDC2005B90EB /* ejTienda3.xcdatamodeld */ = {
			isa = XCVersionGroup;
			children = (
				590BE34B2705DDC2005B90EB /* ejTienda3.xcdatamodel */,
			);
			currentVersion = 590BE34B2705DDC2005B90EB /* ejTienda3.xcdatamodel */;
			path = ejTienda3.xcdatamodeld;
			sourceTree = "<group>";
			versionGroupType = wrapper.xcdatamodel;
		};
/* End XCVersionGroup section */
	};
	rootObject = 590BE3362705DDC2005B90EB /* Project object */;
}
